github.com/davecgh/go-spew v1.1.0 h1:ZDRjVQ15GmhC3fiQ8ni8+OwkZQO4DARzQgrnXU1Liz8=
github.com/davecgh/go-spew v1.1.0/go.mod h1:J7Y8YcW2NihsgmVo/mv3lAwl/skON4iLHjSsI+c5H38=
github.com/gorilla/context v0.0.0-20160226214623-1ea25387ff6f h1:9oNbS1z4rVpbnkHBdPZU4jo9bSmrLpII768arSyMFgk=
github.com/gorilla/context v0.0.0-20160226214623-1ea25387ff6f/go.mod h1:kBGZzfjB9CEq2AlWe17Uuf7NDRt0dE0s8S51q0aT7Yg=
github.com/gorilla/mux v1.5.0 h1:mq8bRov+5x+pZNR/uAHyUEgovR9gLgYFwDQIeuYi9TM=
github.com/gorilla/mux v1.5.0/go.mod h1:1lud6UwP+6orDFRuTfBEV8e9/aOM/c4fVVCaMa2zaAs=
github.com/lib/pq v0.0.0-20171022192043-b609790bd85e h1:1qCfiDN0AcL0+q3Rooed70ztlReITlD4CBZKgmjKO20=
github.com/lib/pq v0.0.0-20171022192043-b609790bd85e/go.mod h1:5WUZQaWbwv1U+lTReE5YruASi9Al49XbQIvNi/34Woo=
github.com/pmezard/go-difflib v1.0.0 h1:4DBwDE0NGyQoBHbLQYPwSUPoCMWR5BEzIk/f1lZbAQM=
github.com/pmezard/go-difflib v1.0.0/go.mod h1:iKH77koFhYxTK1pcRnkKkqfTogsbg7gZNVY4sRDYZ/4=
github.com/stretchr/objx v0.0.0-20150928122152-1a9d0bb9f541 h1:nvL7eaZN/Zw5emVOGaOclbLMeFO030UrPtWFTUS0p80=
github.com/stretchr/objx v0.0.0-20150928122152-1a9d0bb9f541/go.mod h1:HFkY916IF+rwdDfMAkV7OtwuqBVzrE8GR6GFx+wExME=
github.com/stretchr/testify v1.1.4 h1:ToftOQTytwshuOSj6bDSolVUa3GINfJP/fg3OkkOzQQ=
github.com/stretchr/testify v1.1.4/go.mod h1:a8OnRcib4nhh0OaRAV+Yts87kKdq0PP7pXfy6kDkUVs=
