# This file is autogenerated, do not edit; changes may be undone by the next 'dep ensure'.


[[projects]]
  digest = "1:56c130d885a4aacae1dd9c7b71cfe39912c7ebc1ff7d2b46083c8812996dc43b"
  name = "github.com/davecgh/go-spew"
  packages = ["spew"]
  pruneopts = ""
  revision = "346938d642f2ec3594ed81d874461961cd0faa76"
  version = "v1.1.0"

[[projects]]
  digest = "1:20ed7daa9b3b38b6d1d39b48ab3fd31122be5419461470d0c28de3e121c93ecf"
  name = "github.com/gorilla/context"
  packages = ["."]
  pruneopts = ""
  revision = "1ea25387ff6f684839d82767c1733ff4d4d15d0a"
  version = "v1.1"

[[projects]]
  digest = "1:74f252b12d195c61ef5e54a4e2ab677af765d9e4b68b42c8c64fd16a4502a0c8"
  name = "github.com/gorilla/mux"
  packages = ["."]
  pruneopts = ""
  revision = "24fca303ac6da784b9e8269f724ddeb0b2eea5e7"
  version = "v1.5.0"

[[projects]]
  branch = "master"
  digest = "1:c7bbf42b56f999fc18f12707f6f9a3f47171de8bc6d4d7d3e8449093d55a4629"
  name = "github.com/lib/pq"
  packages = [
    ".",
    "oid",
  ]
  pruneopts = ""
  revision = "b609790bd85edf8e9ab7e0f8912750a786177bcf"

[[projects]]
  digest = "1:256484dbbcd271f9ecebc6795b2df8cad4c458dd0f5fd82a8c2fa0c29f233411"
  name = "github.com/pmezard/go-difflib"
  packages = ["difflib"]
  pruneopts = ""
  revision = "792786c7400a136282c1664665ae0a8db921c6c2"
  version = "v1.0.0"

[[projects]]
  branch = "master"
  digest = "1:ed7ac53c7d59041f27964d3f04e021b45ecb5f23c842c84d778a7f1fb67e2ce9"
  name = "github.com/stretchr/objx"
  packages = ["."]
  pruneopts = ""
  revision = "1a9d0bb9f541897e62256577b352fdbc1fb4fd94"

[[projects]]
  digest = "1:3926a4ec9a4ff1a072458451aa2d9b98acd059a45b38f7335d31e06c3d6a0159"
  name = "github.com/stretchr/testify"
  packages = [
    "assert",
    "mock",
    "require",
    "suite",
  ]
  pruneopts = ""
  revision = "69483b4bd14f5845b5a1e55bca19e954e827f1d0"
  version = "v1.1.4"

[solve-meta]
  analyzer-name = "dep"
  analyzer-version = 1
  input-imports = [
    "github.com/gorilla/mux",
    "github.com/lib/pq",
    "github.com/stretchr/testify/mock",
    "github.com/stretchr/testify/suite",
  ]
  solver-name = "gps-cdcl"
  solver-version = 1
